{
  "object": {
    "pins": [
      {
        "package": "TLPhotoPicker",
        "repositoryURL": "https://github.com/longvt96/TLPhotoPicker",
        "state": {
          "branch": "master",
          "revision": "a296540ea8f82505ac85a564e5659c8cddd86519",
          "version": null
        }
      }
    ]
  },
  "version": 1
}
