{
  "object": {
    "pins": [
      {
        "package": "TLPhotoPicker",
        "repositoryURL": "https://github.com/longvt96/TLPhotoPicker",
        "state": {
          "branch": "master",
          "revision": "c7820fa5b07c39d91c022fb2b9a7b1a82a675755",
          "version": null
        }
      }
    ]
  },
  "version": 1
}
