{
  "object": {
    "pins": [
      {
        "package": "TLPhotoPicker",
        "repositoryURL": "https://github.com/longvt96/TLPhotoPicker",
        "state": {
          "branch": "master",
          "revision": "b5cbc3fb832e05fd88abc4be605684806e1e3252",
          "version": null
        }
      }
    ]
  },
  "version": 1
}
